# @generated - this file is auto-generated by `mise lock` https://mise.en.dev/dev-tools/mise-lock.html

[[tools.flutter]]
version = "3.44.4"
backend = "http:flutter"

[[tools.go]]
version = "1.26.5"
backend = "core:go"

[tools.go."platforms.linux-arm64"]
checksum = "sha256:fe4789e92b1f33358680864bbe8704289e7bb5fc207d80623c308935bd696d49"
url = "https://dl.google.com/go/go1.26.5.linux-arm64.tar.gz"

[tools.go."platforms.linux-x64"]
checksum = "sha256:5c2c3b16caefa1d968a94c1daca04a7ca301a496d9b086e17ad77bb81393f053"
url = "https://dl.google.com/go/go1.26.5.linux-amd64.tar.gz"

[[tools.gradle]]
version = "9.6.1"
backend = "aqua:gradle/gradle"

[tools.gradle."platforms.linux-arm64"]
checksum = "sha256:9c0f7faeeb306cb14e4279a3e084ca6b596894089a0638e68a07c945a32c9e14"
url = "https://github.com/gradle/gradle-distributions/releases/download/v9.6.1/gradle-9.6.1-bin.zip"

[tools.gradle."platforms.linux-x64"]
checksum = "sha256:9c0f7faeeb306cb14e4279a3e084ca6b596894089a0638e68a07c945a32c9e14"
url = "https://github.com/gradle/gradle-distributions/releases/download/v9.6.1/gradle-9.6.1-bin.zip"

[[tools."http:flutter"]]
version = "3.44.4"
backend = "http:flutter"

[[tools."http:neovim"]]
version = "0.11.5"
backend = "http:neovim"

[[tools.java]]
version = "temurin-25.0.4+7.0.LTS"
backend = "core:java"

[tools.java."platforms.linux-arm64"]
checksum = "sha256:621f7196f0b682fb557da58bec89bd7dfe5419811fe1c0ba75c9cc8432f084c7"
url = "https://github.com/adoptium/temurin25-binaries/releases/download/jdk-25.0.4%2B7/OpenJDK25U-jdk_aarch64_linux_hotspot_25.0.4_7.tar.gz"

[tools.java."platforms.linux-x64"]
checksum = "sha256:e58fcdcd637b25c03ca84cbbcefc70d11efb8f4b4cbd05decc9f661769d77f94"
url = "https://github.com/adoptium/temurin25-binaries/releases/download/jdk-25.0.4%2B7/OpenJDK25U-jdk_x64_linux_hotspot_25.0.4_7.tar.gz"

[[tools.kotlin]]
version = "2.3.20"
backend = "github:JetBrains/kotlin"

[tools.kotlin.options]
asset_pattern = "kotlin-compiler-*.zip"

[tools.kotlin."platforms.linux-arm64"]
checksum = "sha256:222ba516cdc4052ce0be9d2ec6adf3c5c64fc53156d7dd91d1f5317809431b98"
url = "https://github.com/JetBrains/kotlin/releases/download/v2.3.20/kotlin-compiler-2.3.20.zip"
url_api = "https://api.github.com/repos/JetBrains/kotlin/releases/assets/374841797"

[tools.kotlin."platforms.linux-x64"]
checksum = "sha256:222ba516cdc4052ce0be9d2ec6adf3c5c64fc53156d7dd91d1f5317809431b98"
url = "https://github.com/JetBrains/kotlin/releases/download/v2.3.20/kotlin-compiler-2.3.20.zip"
url_api = "https://api.github.com/repos/JetBrains/kotlin/releases/assets/374841797"

[[tools.python]]
version = "3.14.6"
backend = "core:python"

[tools.python."platforms.linux-arm64"]
checksum = "sha256:44f86d58f3bbc1aa6c95ee90f03226e0fdbd22475a98c4410e5a20042b7f40d3"
url = "https://github.com/astral-sh/python-build-standalone/releases/download/20260728/cpython-3.14.6+20260728-aarch64-unknown-linux-gnu-install_only_stripped.tar.gz"
provenance = "github-attestations"

[tools.python."platforms.linux-x64"]
checksum = "sha256:d6254462d5fe066810a472d286861f6a18f66400008bfa9688e202a5672e88cb"
url = "https://github.com/astral-sh/python-build-standalone/releases/download/20260728/cpython-3.14.6+20260728-x86_64-unknown-linux-gnu-install_only_stripped.tar.gz"
provenance = "github-attestations"

[[tools.uv]]
version = "0.11.7"
backend = "aqua:astral-sh/uv"

[tools.uv."platforms.linux-arm64"]
checksum = "sha256:46647dc16cbb7d6700f762fdd7a67d220abe18570914732bc310adc91308d272"
url = "https://github.com/astral-sh/uv/releases/download/0.11.7/uv-aarch64-unknown-linux-musl.tar.gz"
provenance = "github-attestations"

[tools.uv."platforms.linux-x64"]
checksum = "sha256:64ddb5f1087649e3f75aa50d139aa4f36ddde728a5295a141e0fa9697bfb7b0f"
url = "https://github.com/astral-sh/uv/releases/download/0.11.7/uv-x86_64-unknown-linux-musl.tar.gz"
provenance = "github-attestations"
