schema_version: 1
compatibility_epochs:
  jvm-ide-2026-08:
    members:
      - java-debug-server
      - java-test-server
      - jdt-language-server
      - kotlin-debug-adapter
      - kotlin-language-server
      - nvim-jvm
      - spring-tools-language-server
  neovim-razor-2026-08:
    members:
      - neovim
      - nvchad
      - nvim-dotnet
      - roslyn-language-server
      - vscode-html-language-server
versions:
  bun:
    version: 1.3.14
    source: GitHub release
    provenance: https://github.com/oven-sh/bun/releases/tag/bun-v1.3.14
    artifacts:
      darwin-arm64:
        url: https://github.com/oven-sh/bun/releases/download/bun-v1.3.14/bun-darwin-aarch64.zip
        sha256: d8b96221828ad6f97ac7ac0ab7e95872341af763001e8803e8267652c2652620
        format: zip
        executable: bun-darwin-aarch64/bun
      darwin-amd64:
        url: https://github.com/oven-sh/bun/releases/download/bun-v1.3.14/bun-darwin-x64.zip
        sha256: 4183df3374623e5bab315c547cfa0974533cd457d86b73b639f7a87974cd6633
        format: zip
        executable: bun-darwin-x64/bun
      linux-arm64:
        url: https://github.com/oven-sh/bun/releases/download/bun-v1.3.14/bun-linux-aarch64.zip
        sha256: a27ffb63a8310375836e0d6f668ae17fa8d8d18b88c37c821c65331973a19a3b
        format: zip
        executable: bun-linux-aarch64/bun
      linux-amd64:
        url: https://github.com/oven-sh/bun/releases/download/bun-v1.3.14/bun-linux-x64-baseline.zip
        sha256: a063908ae08b7852ca10939bbdc6ceed3ddabce8fb9402dce83d65d73b36e6c7
        format: zip
        executable: bun-linux-x64-baseline/bun
      windows-arm64:
        url: https://github.com/oven-sh/bun/releases/download/bun-v1.3.14/bun-windows-aarch64.zip
        sha256: 89841f5a57f2348b67ec0839b718f4bf4ea7d07c371c9ba4b77b6c790f918953
        format: zip
        executable: bun-windows-aarch64/bun.exe
      windows-amd64:
        url: https://github.com/oven-sh/bun/releases/download/bun-v1.3.14/bun-windows-x64-baseline.zip
        sha256: 538f9c846355d9e847b2671bc00c47da4229a0befb24df3282b739770f3b475f
        format: zip
        executable: bun-windows-x64-baseline/bun.exe
  claude-code:
    version: 2.1.210
    source: OMH v0.3.0 reviewed native release
    provenance: https://github.com/anthropics/claude-code/releases/tag/v2.1.210
    artifacts:
      darwin-arm64:
        url: https://github.com/anthropics/claude-code/releases/download/v2.1.210/claude-darwin-arm64.tar.gz
        sha256: 0d30caeef4dd693b331da31e0e0250e4ca6c5ec811f58ce961c2441d27efb1a2
        format: tar.gz
        executable: claude
        executable_sha256: 1b471d62d1117482689d75447f5e050c640da717a5a3c91e6c13792450f8c662
      darwin-amd64:
        url: https://github.com/anthropics/claude-code/releases/download/v2.1.210/claude-darwin-x64.tar.gz
        sha256: cb720c25d0eb355c333f9d69e37180a18cee1aef5e47a119d5f95853a1104bb0
        format: tar.gz
        executable: claude
        executable_sha256: 892f2c878050d8829e67119328dd9768345fba18a58c169212b70597c9175c40
      windows-arm64:
        url: https://github.com/anthropics/claude-code/releases/download/v2.1.210/claude-win32-arm64.zip
        sha256: 8a223f544b1bedf11b99dd6cb0b7901f6b55a50aa27e5f47b2f41d580da14566
        format: zip
        executable: claude.exe
        executable_sha256: 4a603da0a33d49478e55938898ddd06c4ec5d1ec7f443d92dd4352665faaef05
      windows-amd64:
        url: https://github.com/anthropics/claude-code/releases/download/v2.1.210/claude-win32-x64.zip
        sha256: c11829a1ca6beb6e705a5859820392830f64f9c3708c16e8eac5104e4182e327
        format: zip
        executable: claude.exe
        executable_sha256: 29aa99c436f0d4125780691123b756176d83b59cc7d492304cd4694292d3f04f
  codex:
    version: 0.144.4
    source: OMH v0.3.0 reviewed native release
    provenance: https://github.com/openai/codex/releases/tag/rust-v0.144.4
    artifacts:
      darwin-arm64:
        url: https://github.com/openai/codex/releases/download/rust-v0.144.4/codex-aarch64-apple-darwin.tar.gz
        sha256: 77c8969a481302f9db1d9ea2a6c21c083abae3f1a8fc8a7275dc38323699391e
        format: tar.gz
        executable: codex-aarch64-apple-darwin
        executable_sha256: 3302acbda5f53de1a71ebdb0c0f2aae0d47f9324aa9fb6b4e78a47014fd51c7d
      darwin-amd64:
        url: https://github.com/openai/codex/releases/download/rust-v0.144.4/codex-x86_64-apple-darwin.tar.gz
        sha256: 274ea4931246621d477ad61d61ea3303527878e77fa910087df52153f5e6188e
        format: tar.gz
        executable: codex-x86_64-apple-darwin
        executable_sha256: 1c87c8df60f80a2b08d78bbb9b381fbe0829dc6bbf66b6fa1974cd21e37a5da1
      windows-arm64:
        url: https://github.com/openai/codex/releases/download/rust-v0.144.4/codex-aarch64-pc-windows-msvc.exe.zip
        sha256: 42a3aaa271626dc479aef5000a5632d017d25d8b483304070903b73b11aba11d
        format: zip
        executable: codex-aarch64-pc-windows-msvc.exe
        executable_sha256: 84406bf7cb8c689e46ebd31244f0458fce3eeed781ec1030399a96baab062932
      windows-amd64:
        url: https://github.com/openai/codex/releases/download/rust-v0.144.4/codex-x86_64-pc-windows-msvc.exe.zip
        sha256: d731eee110fe287fcb8e201e9bdf39920e863bfc3c97f21e2d697a35d38c63c5
        format: zip
        executable: codex-x86_64-pc-windows-msvc.exe
        executable_sha256: 51398051c2332b6afe08dc3b9dbb4056085c197f35ca57a307ee303d450cada5
  dotnet-sdk:
    version: 10.0.400
    source: Microsoft .NET 10 release metadata
    provenance: https://builds.dotnet.microsoft.com/dotnet/release-metadata/10.0/releases.json
    install_ref: 10.0.400
    artifacts:
      linux-arm64:
        url: https://builds.dotnet.microsoft.com/dotnet/Sdk/10.0.400/dotnet-sdk-10.0.400-linux-arm64.tar.gz
        sha256: 13c219bfd1ff00a886c1523a9c7027c4f24c1e730e653376d2b81f1435da5a59
        format: tar.gz
        executable: dotnet
      linux-amd64:
        url: https://builds.dotnet.microsoft.com/dotnet/Sdk/10.0.400/dotnet-sdk-10.0.400-linux-x64.tar.gz
        sha256: 7ad9d2db01512e41fd580a0630321bb70cd062d7fe4c5badfb4ce81ec1eddbb8
        format: tar.gz
        executable: dotnet
  flutter:
    version: 3.44.4
    source: Flutter stable archive
    provenance: https://docs.flutter.dev/install/archive
    artifacts:
      linux-amd64:
        url: https://storage.googleapis.com/flutter_infra_release/releases/stable/linux/flutter_linux_3.44.4-stable.tar.xz
        sha256: c853cda0312a162854c481fe6a1bc286d84fbb74bfab7037c39750061dc9b466
        format: tar.xz
        executable: flutter/bin/flutter
  go:
    version: 1.26.5
    source: Go release history
    provenance: https://go.dev/doc/devel/release
    artifacts:
      linux-arm64:
        url: https://dl.google.com/go/go1.26.5.linux-arm64.tar.gz
        sha256: fe4789e92b1f33358680864bbe8704289e7bb5fc207d80623c308935bd696d49
        format: tar.gz
        executable: go/bin/go
      linux-amd64:
        url: https://dl.google.com/go/go1.26.5.linux-amd64.tar.gz
        sha256: 5c2c3b16caefa1d968a94c1daca04a7ca301a496d9b086e17ad77bb81393f053
        format: tar.gz
        executable: go/bin/go
  gradle:
    version: 9.6.1
    source: Gradle release notes
    provenance: https://docs.gradle.org/9.6.1/release-notes.html
    artifacts:
      linux-arm64:
        url: https://github.com/gradle/gradle-distributions/releases/download/v9.6.1/gradle-9.6.1-bin.zip
        sha256: 9c0f7faeeb306cb14e4279a3e084ca6b596894089a0638e68a07c945a32c9e14
        format: zip
        executable: gradle-9.6.1/bin/gradle
      linux-amd64:
        url: https://github.com/gradle/gradle-distributions/releases/download/v9.6.1/gradle-9.6.1-bin.zip
        sha256: 9c0f7faeeb306cb14e4279a3e084ca6b596894089a0638e68a07c945a32c9e14
        format: zip
        executable: gradle-9.6.1/bin/gradle
  herdr:
    version: 0.8.0
    source: GitHub release
    provenance: https://github.com/herdrdev/herdr/releases/tag/v0.8.0
    artifacts:
      darwin-arm64:
        url: https://github.com/herdrdev/herdr/releases/download/v0.8.0/herdr-macos-aarch64
        sha256: d53a9f93fccfdfcc55632927bf51002f5add0aa7990bcdf508ffbd84ac658178
        format: binary
        executable: herdr
      darwin-amd64:
        url: https://github.com/herdrdev/herdr/releases/download/v0.8.0/herdr-macos-x86_64
        sha256: 77cb5afd6c8fcaaaf3bc28e474ec01c209331ad08094e20d7f8aa9b0bb78d649
        format: binary
        executable: herdr
  java:
    version: 25.0.4
    source: Oracle Java LTS release
    provenance: https://www.oracle.com/java/technologies/java-se-glance.html
    install_ref: temurin-25.0.4+7.0.LTS
    artifacts:
      linux-arm64:
        url: https://github.com/adoptium/temurin25-binaries/releases/download/jdk-25.0.4%2B7/OpenJDK25U-jdk_aarch64_linux_hotspot_25.0.4_7.tar.gz
        sha256: 621f7196f0b682fb557da58bec89bd7dfe5419811fe1c0ba75c9cc8432f084c7
        format: tar.gz
        executable: bin/java
      linux-amd64:
        url: https://github.com/adoptium/temurin25-binaries/releases/download/jdk-25.0.4%2B7/OpenJDK25U-jdk_x64_linux_hotspot_25.0.4_7.tar.gz
        sha256: e58fcdcd637b25c03ca84cbbcefc70d11efb8f4b4cbd05decc9f661769d77f94
        format: tar.gz
        executable: bin/java
  java-debug-server:
    version: 0.53.2
    source: Java Debug Server 0.53.2 in reviewed Open VSX carrier 0.59.0
    provenance: https://github.com/microsoft/java-debug/releases/tag/0.53.2
    compatibility_epoch: jvm-ide-2026-08
    artifacts:
      linux-arm64:
        url: https://open-vsx.org/api/vscjava/vscode-java-debug/0.59.0/file/vscjava.vscode-java-debug-0.59.0.vsix
        sha256: 87627e24dbb5b01137decc0265f043cb08adad22af3c195f1ba39898dafb1588
        format: zip
        executable: extension/server/com.microsoft.java.debug.plugin-0.53.2.jar
        tree:
          manifest_sha256: 79674f0c92dfe4693bee14db50eb28ade6ad98b35648967512713ca5c7b44cd3
          launcher_sha256: 69128bebd6c46d3a9daeeb77a3bbe877423c2f66eb773fd1ae5375658ce0c9bf
          usage: resource
          required_paths:
            - extension/server/com.microsoft.java.debug.plugin-0.53.2.jar
      linux-amd64:
        url: https://open-vsx.org/api/vscjava/vscode-java-debug/0.59.0/file/vscjava.vscode-java-debug-0.59.0.vsix
        sha256: 87627e24dbb5b01137decc0265f043cb08adad22af3c195f1ba39898dafb1588
        format: zip
        executable: extension/server/com.microsoft.java.debug.plugin-0.53.2.jar
        tree:
          manifest_sha256: 79674f0c92dfe4693bee14db50eb28ade6ad98b35648967512713ca5c7b44cd3
          launcher_sha256: 69128bebd6c46d3a9daeeb77a3bbe877423c2f66eb773fd1ae5375658ce0c9bf
          usage: resource
          required_paths:
            - extension/server/com.microsoft.java.debug.plugin-0.53.2.jar
  java-test-server:
    version: 0.46.0
    source: Java Test extension 0.46.0 with server plugin 0.43.1
    provenance: https://github.com/microsoft/vscode-java-test/releases/tag/0.46.0
    compatibility_epoch: jvm-ide-2026-08
    artifacts:
      linux-arm64:
        url: https://open-vsx.org/api/vscjava/vscode-java-test/0.46.0/file/vscjava.vscode-java-test-0.46.0.vsix
        sha256: 56c1e14dc73a30e9574c47042106fa52893bf8325b580f47c14ace07d5eef255
        format: zip
        executable: extension/server/com.microsoft.java.test.plugin-0.43.1.jar
        tree:
          manifest_sha256: adee0a1fc322436e1f0144e3af4f00f9a19dfe5f70e030b6e6bd6d1868dcbe0d
          launcher_sha256: e01cc491d866f996499e8ee55d0c3d8ba4f6ec44053975b791e3d0d2c76044e6
          usage: resource
          required_paths:
            - extension/server/com.microsoft.java.test.plugin-0.43.1.jar
            - extension/server/com.microsoft.java.test.runner-jar-with-dependencies.jar
      linux-amd64:
        url: https://open-vsx.org/api/vscjava/vscode-java-test/0.46.0/file/vscjava.vscode-java-test-0.46.0.vsix
        sha256: 56c1e14dc73a30e9574c47042106fa52893bf8325b580f47c14ace07d5eef255
        format: zip
        executable: extension/server/com.microsoft.java.test.plugin-0.43.1.jar
        tree:
          manifest_sha256: adee0a1fc322436e1f0144e3af4f00f9a19dfe5f70e030b6e6bd6d1868dcbe0d
          launcher_sha256: e01cc491d866f996499e8ee55d0c3d8ba4f6ec44053975b791e3d0d2c76044e6
          usage: resource
          required_paths:
            - extension/server/com.microsoft.java.test.plugin-0.43.1.jar
            - extension/server/com.microsoft.java.test.runner-jar-with-dependencies.jar
  jdt-language-server:
    version: 1.60.0+202606262232
    source: Eclipse JDT Language Server milestone 1.60.0
    provenance: https://download.eclipse.org/jdtls/milestones/1.60.0
    compatibility_epoch: jvm-ide-2026-08
    artifacts:
      linux-arm64:
        url: https://download.eclipse.org/jdtls/milestones/1.60.0/jdt-language-server-1.60.0-202606262232.tar.gz
        sha256: e94c303d8198f977930803582738771fd18c52c5492878410bf222b1aa81ef1d
        format: tar.gz
        executable: bin/jdtls
        tree:
          manifest_sha256: 84747fbc6e7c28c1ce432d4dc618034adf0331f9b4c2f5f7800d694c6763681d
          launcher_sha256: ed0980ea2da080b79566b24b67f94f510d5001eeb401c7ed316748c0b03fbfee
          usage: direct
          required_paths:
            - bin/jdtls
            - config_linux/config.ini
            - plugins/org.eclipse.equinox.launcher_1.7.200.v20260619-2039.jar
      linux-amd64:
        url: https://download.eclipse.org/jdtls/milestones/1.60.0/jdt-language-server-1.60.0-202606262232.tar.gz
        sha256: e94c303d8198f977930803582738771fd18c52c5492878410bf222b1aa81ef1d
        format: tar.gz
        executable: bin/jdtls
        tree:
          manifest_sha256: 84747fbc6e7c28c1ce432d4dc618034adf0331f9b4c2f5f7800d694c6763681d
          launcher_sha256: ed0980ea2da080b79566b24b67f94f510d5001eeb401c7ed316748c0b03fbfee
          usage: direct
          required_paths:
            - bin/jdtls
            - config_linux/config.ini
            - plugins/org.eclipse.equinox.launcher_1.7.200.v20260619-2039.jar
  kotlin:
    version: 2.3.20
    source: Kotlin release history
    provenance: https://kotlinlang.org/docs/releases.html
    artifacts:
      linux-arm64:
        url: https://github.com/JetBrains/kotlin/releases/download/v2.3.20/kotlin-compiler-2.3.20.zip
        sha256: 222ba516cdc4052ce0be9d2ec6adf3c5c64fc53156d7dd91d1f5317809431b98
        format: zip
        executable: kotlinc/bin/kotlinc
      linux-amd64:
        url: https://github.com/JetBrains/kotlin/releases/download/v2.3.20/kotlin-compiler-2.3.20.zip
        sha256: 222ba516cdc4052ce0be9d2ec6adf3c5c64fc53156d7dd91d1f5317809431b98
        format: zip
        executable: kotlinc/bin/kotlinc
  kotlin-language-server:
    version: 262.9593.0
    source: Kotlin LSP 0.0.6 Linux arm64 VSIX without archive links
    provenance: https://github.com/Kotlin/kotlin-lsp/releases/tag/kotlin-lsp%2Fv262.9593.0
    compatibility_epoch: jvm-ide-2026-08
    artifacts:
      linux-amd64:
        url: https://download-cdn.jetbrains.com/language-server/kotlin-server/262.9593.0/kotlin-server-0.0.6-linux-amd64.vsix
        sha256: 90974cd81d31fa27b5c487c29f712a956bc6887667d5712c260303f7e33687ec
        format: zip
        executable: extension/server/bin/intellij-server
        tree:
          manifest_sha256: 5a2c2f8b7e61e6012e66d4a7f4a804ddba7b4c8242c1c6e9fbc80f4fb8a35360
          launcher_sha256: e988f37f25d55a1c0c77bb9d7f1d3ef9ba6ecc78c927af992a2a5ce69bcc9825
          usage: direct
          max_total_bytes: 2147483648
          max_entries: 5000
          required_paths:
            - extension/server/bin/intellij-server
            - extension/server/jbr/bin/java
            - extension/server/jbr/lib/jspawnhelper
            - extension/server/lib/eclipse.lsp4j.jar
          executable_paths:
            - extension/server/bin/intellij-server
            - extension/server/jbr/bin/java
            - extension/server/jbr/lib/jspawnhelper
      linux-arm64:
        url: https://download-cdn.jetbrains.com/language-server/kotlin-server/262.9593.0/kotlin-server-0.0.6-linux-aarch64.vsix
        sha256: c9c11d98194c72fd1056ca58d1434e9ce708b9f524e9c6b356ca3085c6db60fa
        format: zip
        executable: extension/server/bin/intellij-server
        tree:
          manifest_sha256: 5be1b270bc47a438ea197d9b16960de68b835e1297836ab306b44aac218c9b61
          launcher_sha256: a40d9d0315588cd99b0b05a86f06530e565af1195b065a04f5f3b4f56dcc1c9c
          usage: direct
          max_total_bytes: 2147483648
          max_entries: 5000
          required_paths:
            - extension/server/bin/intellij-server
            - extension/server/jbr/bin/java
            - extension/server/jbr/lib/jspawnhelper
            - extension/server/lib/eclipse.lsp4j.jar
          executable_paths:
            - extension/server/bin/intellij-server
            - extension/server/jbr/bin/java
            - extension/server/jbr/lib/jspawnhelper
  kotlin-debug-adapter:
    version: 0.4.4
    source: fwcd Kotlin Debug Adapter release
    provenance: https://github.com/fwcd/kotlin-debug-adapter/releases/tag/0.4.4
    compatibility_epoch: jvm-ide-2026-08
    artifacts:
      linux-amd64:
        url: https://github.com/fwcd/kotlin-debug-adapter/releases/download/0.4.4/adapter.zip
        sha256: 3874cbaded0fdb8229a381167895b0a6caf88b7adffabc690fcf5a6fb65d11b6
        format: zip
        executable: adapter/bin/kotlin-debug-adapter
        tree:
          manifest_sha256: a0389be2cd2a45f851a20788a982966de9656025c7d676dc957220f0c560f86e
          launcher_sha256: 9b059a1d98ca34cd34fa6552d3efef3748d98bf3e51ba719c4d0eb1ff061e6b9
          usage: direct
          required_paths:
            - adapter/bin/kotlin-debug-adapter
            - adapter/lib/adapter-0.4.4.jar
      linux-arm64:
        url: https://github.com/fwcd/kotlin-debug-adapter/releases/download/0.4.4/adapter.zip
        sha256: 3874cbaded0fdb8229a381167895b0a6caf88b7adffabc690fcf5a6fb65d11b6
        format: zip
        executable: adapter/bin/kotlin-debug-adapter
        tree:
          manifest_sha256: a0389be2cd2a45f851a20788a982966de9656025c7d676dc957220f0c560f86e
          launcher_sha256: 9b059a1d98ca34cd34fa6552d3efef3748d98bf3e51ba719c4d0eb1ff061e6b9
          usage: direct
          required_paths:
            - adapter/bin/kotlin-debug-adapter
            - adapter/lib/adapter-0.4.4.jar
  mise:
    version: 2026.7.15
    source: GitHub release
    provenance: https://github.com/jdx/mise/releases/tag/v2026.7.15
    artifacts:
      linux-arm64:
        url: https://github.com/jdx/mise/releases/download/v2026.7.15/mise-v2026.7.15-linux-arm64
        sha256: a2e291cec627d2e7aa352f451317e12fc84125d7fe817f0ab9bfe619b1c1d7dd
        format: binary
        executable: mise
      linux-amd64:
        url: https://github.com/jdx/mise/releases/download/v2026.7.15/mise-v2026.7.15-linux-x64
        sha256: 9a729bbe121135da0c717d86d3328f21de5efcc6fa27ac8487ef481e428008d3
        format: binary
        executable: mise
  neovim:
    version: 0.12.4
    source: GitHub release
    provenance: https://github.com/neovim/neovim/releases/tag/v0.12.4
    compatibility_epoch: neovim-razor-2026-08
    artifacts:
      linux-arm64:
        url: https://github.com/neovim/neovim/releases/download/v0.12.4/nvim-linux-arm64.tar.gz
        sha256: ceb7e88c6b681f0515d135dcdfad54f5eb4373b25ce6172197cd9a69c758063f
        format: tar.gz
        executable: nvim-linux-arm64/bin/nvim
        tree:
          manifest_sha256: 60e51a11e4abe95d01bd9686c9fe89d1346b9773ab9aa338cfc7b59426bc8032
          launcher_sha256: d9635db0b272b7c81cd705ef0d8bbf16edfeb05b08b36b4228ab0d6a92ec384f
          usage: direct
          required_paths:
            - nvim-linux-arm64/bin/nvim
            - nvim-linux-arm64/share/nvim/runtime/lua/vim/lsp.lua
      linux-amd64:
        url: https://github.com/neovim/neovim/releases/download/v0.12.4/nvim-linux-x86_64.tar.gz
        sha256: 012bf3fcac5ade43914df3f174668bf64d05e049a4f032a388c027b1ebd78628
        format: tar.gz
        executable: nvim-linux-x86_64/bin/nvim
        tree:
          manifest_sha256: 2ca3a12b41834ded1efaa3fababf9c924587b83964bbb0bde1e09ff4ab6589f7
          launcher_sha256: caf8f91f51241216ce62110338aa45848896cfd27e82282353fdd9e2038f5552
          usage: direct
          required_paths:
            - nvim-linux-x86_64/bin/nvim
            - nvim-linux-x86_64/share/nvim/runtime/lua/vim/lsp.lua
  netcoredbg:
    version: 3.2.0-1092
    source: Samsung NetCoreDbg release
    provenance: https://github.com/Samsung/netcoredbg/releases/tag/3.2.0-1092
    artifacts:
      linux-arm64:
        url: https://github.com/Samsung/netcoredbg/releases/download/3.2.0-1092/netcoredbg-linux-arm64.tar.gz
        sha256: 065ff49badec8a695dbea2de6ab6a330c774a191e426a217ab8cc05250627ccb
        format: tar.gz
        executable: netcoredbg/netcoredbg
        tree:
          manifest_sha256: 150314a56915277e9cec2683a85c1aa95b068d02d1cd560b59e46563a57939ea
          launcher_sha256: d2ea6a92951c1e7db6554568000c43017f4e5328cbb1157e92d7e9fef7ae198e
          usage: direct
          required_paths:
            - netcoredbg/ManagedPart.dll
            - netcoredbg/libdbgshim.so
            - netcoredbg/netcoredbg
      linux-amd64:
        url: https://github.com/Samsung/netcoredbg/releases/download/3.2.0-1092/netcoredbg-linux-amd64.tar.gz
        sha256: 080eb3b2d2152465f599d3b33d1ee6e747794e11cc0a3773ec689f5e5f2c5afa
        format: tar.gz
        executable: netcoredbg/netcoredbg
        tree:
          manifest_sha256: e2bdea61f2724c8470429488a9ca94ee4a23448a3d6bb1dab281eb2e84a3d5ce
          launcher_sha256: 03dbc5dd30471ff5648a973e9b1542fea6aca345fd913292159904c44aaf8c1a
          usage: direct
          required_paths:
            - netcoredbg/ManagedPart.dll
            - netcoredbg/libdbgshim.so
            - netcoredbg/netcoredbg
  nvim-dotnet:
    version: de9a98d61ed3fd01b5016eea5fe9e32f1a4c7cfb
    source: roslyn.nvim exact plugin commit
    provenance: https://github.com/seblyng/roslyn.nvim/commit/de9a98d61ed3fd01b5016eea5fe9e32f1a4c7cfb
    compatibility_epoch: neovim-razor-2026-08
    artifacts:
      linux-arm64:
        url: https://github.com/seblyng/roslyn.nvim/archive/de9a98d61ed3fd01b5016eea5fe9e32f1a4c7cfb.tar.gz
        sha256: 8fb1643183916046684eb4b57ec8529211f969ccd403c7b3703c8e4f3a7f937b
        format: tar.gz
        executable: roslyn.nvim-de9a98d61ed3fd01b5016eea5fe9e32f1a4c7cfb/lua/roslyn/init.lua
  nvim-jvm:
    version: 6e9d953f0b82bccdb834cfde0e893f3119c22592
    source: nvim-jdtls exact plugin commit
    provenance: https://github.com/mfussenegger/nvim-jdtls/commit/6e9d953f0b82bccdb834cfde0e893f3119c22592
    compatibility_epoch: jvm-ide-2026-08
    artifacts:
      linux-amd64:
        url: https://github.com/mfussenegger/nvim-jdtls/archive/6e9d953f0b82bccdb834cfde0e893f3119c22592.tar.gz
        sha256: 23eeeb423240c87965216759e0dec4c3aa10d7366c35606f0481a73c4c88481f
        format: tar.gz
        executable: nvim-jdtls-6e9d953f0b82bccdb834cfde0e893f3119c22592/lua/jdtls.lua
      linux-arm64:
        url: https://github.com/mfussenegger/nvim-jdtls/archive/6e9d953f0b82bccdb834cfde0e893f3119c22592.tar.gz
        sha256: 23eeeb423240c87965216759e0dec4c3aa10d7366c35606f0481a73c4c88481f
        format: tar.gz
        executable: nvim-jdtls-6e9d953f0b82bccdb834cfde0e893f3119c22592/lua/jdtls.lua
  vscode-html-language-server:
    version: 4.10.0
    source: npm registry
    provenance: https://www.npmjs.com/package/vscode-langservers-extracted/v/4.10.0
    compatibility_epoch: neovim-razor-2026-08
    npm:
      tarball: https://registry.npmjs.org/vscode-langservers-extracted/-/vscode-langservers-extracted-4.10.0.tgz
      integrity: sha512-EFf9uQI4dAKbzMQFjDvVm1xJq1DXAQvBEuEfPGrK/xzfsL5xWTfIuRr90NgfmqwO+IEt6vLZm9EOj6R66xIifg==
      sha256: d6e2d090d09c4b91daa74e9e7462a3d3f244efb96aa5111004cfffa49d6dc9ef
  nvchad:
    version: e3572e1f5e1c297212c3deeb17b7863139ce663e
    source: NvChad starter commit
    provenance: https://github.com/NvChad/starter/commit/e3572e1f5e1c297212c3deeb17b7863139ce663e
    compatibility_epoch: neovim-razor-2026-08
  omh-node-runtime:
    version: 22.19.0
    source: Official Node.js release for OMH v0.3.0
    provenance: https://nodejs.org/dist/v22.19.0/SHASUMS256.txt
    artifacts:
      darwin-arm64:
        url: https://nodejs.org/dist/v22.19.0/node-v22.19.0-darwin-arm64.tar.gz
        sha256: c59006db713c770d6ec63ae16cb3edc11f49ee093b5c415d667bb4f436c6526d
        format: tar.gz
        executable: node-v22.19.0-darwin-arm64/bin/node
      darwin-amd64:
        url: https://nodejs.org/dist/v22.19.0/node-v22.19.0-darwin-x64.tar.gz
        sha256: 3cfed4795cd97277559763c5f56e711852d2cc2420bda1cea30c8aa9ac77ce0c
        format: tar.gz
        executable: node-v22.19.0-darwin-x64/bin/node
      windows-arm64:
        url: https://nodejs.org/dist/v22.19.0/node-v22.19.0-win-arm64.zip
        sha256: e4a7336010d58ff35b53d9dd5869095c56089c70913cf22508cf8183593e56b2
        format: zip
        executable: node-v22.19.0-win-arm64/node.exe
      windows-amd64:
        url: https://nodejs.org/dist/v22.19.0/node-v22.19.0-win-x64.zip
        sha256: ea3fad0e67a991d8477d8c01344b56e69c676ccb733f065b22436994b1253f86
        format: zip
        executable: node-v22.19.0-win-x64/node.exe
  oh-my-harness:
    version: 0.3.0
    source: GitHub immutable release
    provenance: https://github.com/zzanghyunmoo/oh-my-harness/commit/95882328d339e7336e8a60a90f3e2640c1244da3
    artifacts:
      darwin-arm64:
        url: https://github.com/zzanghyunmoo/oh-my-harness/releases/download/v0.3.0/oh-my-harness-v0.3.0.tgz
        sha256: da805da0130e937913706f98ddb415f5e4b4bc12d04505b269f08bf66237ea73
        format: tar.gz
        executable: package/omh
      darwin-amd64:
        url: https://github.com/zzanghyunmoo/oh-my-harness/releases/download/v0.3.0/oh-my-harness-v0.3.0.tgz
        sha256: da805da0130e937913706f98ddb415f5e4b4bc12d04505b269f08bf66237ea73
        format: tar.gz
        executable: package/omh
      windows-arm64:
        url: https://github.com/zzanghyunmoo/oh-my-harness/releases/download/v0.3.0/oh-my-harness-v0.3.0.tgz
        sha256: da805da0130e937913706f98ddb415f5e4b4bc12d04505b269f08bf66237ea73
        format: tar.gz
        executable: package/omh.cmd
      windows-amd64:
        url: https://github.com/zzanghyunmoo/oh-my-harness/releases/download/v0.3.0/oh-my-harness-v0.3.0.tgz
        sha256: da805da0130e937913706f98ddb415f5e4b4bc12d04505b269f08bf66237ea73
        format: tar.gz
        executable: package/omh.cmd
  opencode:
    version: 1.18.0
    source: OMH v0.3.0 reviewed native release
    provenance: https://github.com/anomalyco/opencode/releases/tag/v1.18.0
    artifacts:
      darwin-arm64:
        url: https://github.com/anomalyco/opencode/releases/download/v1.18.0/opencode-darwin-arm64.zip
        sha256: 2b2b5e2da7a3bc82cad8551373114683e8632df09f5ea6af1b9ea36961795abd
        format: zip
        executable: opencode
        executable_sha256: 74537e1cdb65451b593a8854af26ea6a8482d87350958e326f53141f62849ac4
      darwin-amd64:
        url: https://github.com/anomalyco/opencode/releases/download/v1.18.0/opencode-darwin-x64-baseline.zip
        sha256: 6b157acf606906e953c58c9d3b7c101dbe6f5e7eb4e8a12e4e45b4134f3e269c
        format: zip
        executable: opencode
        executable_sha256: 57d1872102ced94f4755ae5eb85e96c7b2579b5b2a92b621c47929efccf82239
      windows-arm64:
        url: https://github.com/anomalyco/opencode/releases/download/v1.18.0/opencode-windows-arm64.zip
        sha256: e76bb2bbcbbd982fcbbbdc0cd812018920b577e9e2bbe229a11d7190bbf0b467
        format: zip
        executable: opencode.exe
        executable_sha256: f698132b366d3d4d5345cec0e3148ea5f50a0c41ddbf73c6c59bbe992095a776
      windows-amd64:
        url: https://github.com/anomalyco/opencode/releases/download/v1.18.0/opencode-windows-x64-baseline.zip
        sha256: cb08eeece06127b8034d4b0acadcb4b6fb0192fe98ba8fa582cd6530c0ee3438
        format: zip
        executable: opencode.exe
        executable_sha256: 06f5e20813ed50aefcbb0c2d120e89ffca9d5f35826990f1bafa39af1ce2707e
  python:
    version: 3.14.6
    source: Python release page
    provenance: https://www.python.org/downloads/release/python-3146/
    artifacts:
      linux-arm64:
        url: https://github.com/astral-sh/python-build-standalone/releases/download/20260728/cpython-3.14.6+20260728-aarch64-unknown-linux-gnu-install_only_stripped.tar.gz
        sha256: 44f86d58f3bbc1aa6c95ee90f03226e0fdbd22475a98c4410e5a20042b7f40d3
        format: tar.gz
        executable: bin/python3
      linux-amd64:
        url: https://github.com/astral-sh/python-build-standalone/releases/download/20260728/cpython-3.14.6+20260728-x86_64-unknown-linux-gnu-install_only_stripped.tar.gz
        sha256: d6254462d5fe066810a472d286861f6a18f66400008bfa9688e202a5672e88cb
        format: tar.gz
        executable: bin/python3
  pyright:
    version: 1.1.411
    source: npm registry
    provenance: https://www.npmjs.com/package/pyright/v/1.1.411
    npm:
      tarball: https://registry.npmjs.org/pyright/-/pyright-1.1.411.tgz
      integrity: sha512-03S/vmS5lF1S/tVbKc2WNXCMq8JWCwta/qIYjj1jvqbQhoy+N3NgBzHTSmUlbYD6DJwqQ5XHf108QujoqeURvw==
      sha256: bd5c488fc20fa237a944279bf32cae2f986cf10d5d5d9e8705819859daeb2f4a
  roslyn-language-server:
    version: 5.11.0-1.26380.4
    source: Microsoft Roslyn Language Server Linux arm64 NuGet runtime including Razor
    provenance: https://www.nuget.org/packages/roslyn-language-server.linux-arm64/5.11.0-1.26380.4
    compatibility_epoch: neovim-razor-2026-08
    artifacts:
      linux-arm64:
        url: https://api.nuget.org/v3-flatcontainer/roslyn-language-server.linux-arm64/5.11.0-1.26380.4/roslyn-language-server.linux-arm64.5.11.0-1.26380.4.nupkg
        sha256: 541ab1dc23848a77053e248c58ec2398c84cabb432a01a90bfab0843f1e218a0
        format: zip
        executable: tools/net10.0/linux-arm64/roslyn-language-server
        tree:
          manifest_sha256: 2b711088879509fa450a5a3f6177cdfb30fa014f0d2338eda27c3499defcc446
          launcher_sha256: 4888faba7578ae77fe60f5b6c20e175ed8864f7bf49619c763e386d96c6d7969
          usage: direct
          required_paths:
            - tools/net10.0/linux-arm64/Microsoft.CodeAnalysis.LanguageServer
            - tools/net10.0/linux-arm64/Microsoft.CodeAnalysis.Razor.Workspaces.dll
            - tools/net10.0/linux-arm64/Microsoft.VisualStudioCode.RazorExtension.dll
            - tools/net10.0/linux-arm64/roslyn-language-server
            - tools/net10.0/linux-arm64/roslyn-language-server.dll
          executable_paths:
            - tools/net10.0/linux-arm64/Microsoft.CodeAnalysis.LanguageServer
            - tools/net10.0/linux-arm64/roslyn-language-server
      linux-amd64:
        url: https://api.nuget.org/v3-flatcontainer/roslyn-language-server.linux-x64/5.11.0-1.26380.4/roslyn-language-server.linux-x64.5.11.0-1.26380.4.nupkg
        sha256: 576df6b666575a1fd65305038014b171d6a2086bb99174b20c002cd628c49361
        format: zip
        executable: tools/net10.0/linux-x64/roslyn-language-server
        tree:
          manifest_sha256: 90a2b8f49b47c2a9b6c801b2d05d316026f9f1d40bb6c62c0e0679fb1de44538
          launcher_sha256: 9fd98dc4c2cd79d86e5f05be73bd21fcabbcb09eea4ad3b6e4742e4a0b44f476
          usage: direct
          required_paths:
            - tools/net10.0/linux-x64/Microsoft.CodeAnalysis.LanguageServer
            - tools/net10.0/linux-x64/Microsoft.CodeAnalysis.Razor.Workspaces.dll
            - tools/net10.0/linux-x64/Microsoft.VisualStudioCode.RazorExtension.dll
            - tools/net10.0/linux-x64/roslyn-language-server
            - tools/net10.0/linux-x64/roslyn-language-server.dll
          executable_paths:
            - tools/net10.0/linux-x64/Microsoft.CodeAnalysis.LanguageServer
            - tools/net10.0/linux-x64/roslyn-language-server
  rust-analyzer:
    version: 0.3.2803-standalone
    source: Official rust-analyzer GitHub release
    provenance: https://github.com/rust-lang/rust-analyzer/releases/tag/2026-02-23
    artifacts:
      linux-arm64:
        url: https://github.com/rust-lang/rust-analyzer/releases/download/2026-02-23/rust-analyzer-linux-arm64.vsix
        sha256: b20919eaadf58052dcbbfa1cd32d4c142d324b99cb5cbd82ed41576f2456129f
        format: zip
        executable: extension/server/rust-analyzer
      linux-amd64:
        url: https://github.com/rust-lang/rust-analyzer/releases/download/2026-02-23/rust-analyzer-linux-x64.vsix
        sha256: b4f5df0713b1684bc3efd7063d69f2d98705d8292f2e4a91944b082028d68010
        format: zip
        executable: extension/server/rust-analyzer
  spring-tools-language-server:
    version: 5.2.0.RELEASE
    source: Spring Tools 5.2.0 release VSIX carrier 2.2.0-RC1
    provenance: https://github.com/spring-projects/spring-tools/releases/tag/5.2.0.RELEASE
    compatibility_epoch: jvm-ide-2026-08
    artifacts:
      linux-amd64:
        url: https://github.com/spring-projects/spring-tools/releases/download/5.2.0.RELEASE/vscode-spring-boot-2.2.0-RC1.vsix
        sha256: 70943c4e434d469090f8cee54dacf1de10ec1161f92685581dc2ef6164971bb3
        format: zip
        executable: extension/language-server/spring-boot-language-server-2.2.0-SNAPSHOT-exec.jar
        tree:
          manifest_sha256: b8bd2f537de94a3ca188a9826c093dad6ea0e132803cbdcf2016e4a1009a2207
          launcher_sha256: ec922c593895331943ee1eccda434461da034bb87ac20f406fd7fb5e211bc8e1
          usage: resource
          required_paths:
            - extension/language-server/lib/spring-core-7.0.7.jar
            - extension/language-server/spring-boot-language-server-2.2.0-SNAPSHOT-exec.jar
      linux-arm64:
        url: https://github.com/spring-projects/spring-tools/releases/download/5.2.0.RELEASE/vscode-spring-boot-2.2.0-RC1.vsix
        sha256: 70943c4e434d469090f8cee54dacf1de10ec1161f92685581dc2ef6164971bb3
        format: zip
        executable: extension/language-server/spring-boot-language-server-2.2.0-SNAPSHOT-exec.jar
        tree:
          manifest_sha256: b8bd2f537de94a3ca188a9826c093dad6ea0e132803cbdcf2016e4a1009a2207
          launcher_sha256: ec922c593895331943ee1eccda434461da034bb87ac20f406fd7fb5e211bc8e1
          usage: resource
          required_paths:
            - extension/language-server/lib/spring-core-7.0.7.jar
            - extension/language-server/spring-boot-language-server-2.2.0-SNAPSHOT-exec.jar
  typescript:
    version: 6.0.2
    source: npm registry
    provenance: https://www.npmjs.com/package/typescript
    npm:
      tarball: https://registry.npmjs.org/typescript/-/typescript-6.0.2.tgz
      integrity: sha512-bGdAIrZ0wiGDo5l8c++HWtbaNCWTS4UTv7RaTH/ThVIgjkveJt83m74bBHMJkuCbslY8ixgLBVZJIOiQlQTjfQ==
      sha256: 0ae5c188a2f5db22df72fe5e74dcbc122afb52031a86dbac33e78a86db39c65e
  uv:
    version: 0.11.7
    source: GitHub changelog
    provenance: https://github.com/astral-sh/uv/blob/main/CHANGELOG.md
    artifacts:
      linux-arm64:
        url: https://github.com/astral-sh/uv/releases/download/0.11.7/uv-aarch64-unknown-linux-musl.tar.gz
        sha256: 46647dc16cbb7d6700f762fdd7a67d220abe18570914732bc310adc91308d272
        format: tar.gz
        executable: uv-aarch64-unknown-linux-musl/uv
      linux-amd64:
        url: https://github.com/astral-sh/uv/releases/download/0.11.7/uv-x86_64-unknown-linux-musl.tar.gz
        sha256: 64ddb5f1087649e3f75aa50d139aa4f36ddde728a5295a141e0fa9697bfb7b0f
        format: tar.gz
        executable: uv-x86_64-unknown-linux-musl/uv
